
Microsoft Visual Studio Solution File, Format Version 12.00
# Visual Studio Version 17
VisualStudioVersion = 17.9.34728.123
MinimumVisualStudioVersion = 10.0.40219.1
Project("{FAE04EC0-301F-11D3-BF4B-00C04F79EFBC}") = "MicroService.EventStore", "MicroService.EventStore\MicroService.EventStore.csproj", "{511F3BAD-8E31-4FB7-BDF1-B6CB7C32E0A2}"
EndProject
Global
	GlobalSection(SolutionConfigurationPlatforms) = preSolution
		Debug|Any CPU = Debug|Any CPU
		Release|Any CPU = Release|Any CPU
	EndGlobalSection
	GlobalSection(ProjectConfigurationPlatforms) = postSolution
		{511F3BAD-8E31-4FB7-BDF1-B6CB7C32E0A2}.Debug|Any CPU.ActiveCfg = Debug|Any CPU
		{511F3BAD-8E31-4FB7-BDF1-B6CB7C32E0A2}.Debug|Any CPU.Build.0 = Debug|Any CPU
		{511F3BAD-8E31-4FB7-BDF1-B6CB7C32E0A2}.Release|Any CPU.ActiveCfg = Release|Any CPU
		{511F3BAD-8E31-4FB7-BDF1-B6CB7C32E0A2}.Release|Any CPU.Build.0 = Release|Any CPU
	EndGlobalSection
	GlobalSection(SolutionProperties) = preSolution
		HideSolutionNode = FALSE
	EndGlobalSection
	GlobalSection(ExtensibilityGlobals) = postSolution
		SolutionGuid = {A90B72B3-AA27-4A59-A2B9-68DDFAB3E74D}
	EndGlobalSection
EndGlobal
